// !$*UTF8*$!
{
	archiveVersion = 1;
	classes = {
	};
	objectVersion = 50;
	objects = {

/* Begin PBXBuildFile section */
		2356F8522628DE2A003A0998 /* main.cpp in Sources */ = {isa = PBXBuildFile; fileRef = 2356F8512628DE2A003A0998 /* main.cpp */; };
		235E60A02638AB3200115C3F /* test.cpp in Sources */ = {isa = PBXBuildFile; fileRef = 235E609F2638AB3200115C3F /* test.cpp */; };
		235E60B8263D66B100115C3F /* CSVReader.cpp in Sources */ = {isa = PBXBuildFile; fileRef = 235E60B6263D66B100115C3F /* CSVReader.cpp */; };
		237CAC2D2631AB83009F1394 /* MerkelMain.cpp in Sources */ = {isa = PBXBuildFile; fileRef = 237CAC2B2631AB83009F1394 /* MerkelMain.cpp */; };
		23A28D442630D51A008FD4CC /* OrderBookEntry.cpp in Sources */ = {isa = PBXBuildFile; fileRef = 23A28D422630D51A008FD4CC /* OrderBookEntry.cpp */; };
/* End PBXBuildFile section */

/* Begin PBXCopyFilesBuildPhase section */
		2356F84C2628DE2A003A0998 /* CopyFiles */ = {
			isa = PBXCopyFilesBuildPhase;
			buildActionMask = 2147483647;
			dstPath = /usr/share/man/man1/;
			dstSubfolderSpec = 0;
			files = (
			);
			runOnlyForDeploymentPostprocessing = 1;
		};
/* End PBXCopyFilesBuildPhase section */

/* Begin PBXFileReference section */
		2356F84E2628DE2A003A0998 /* Merklerex */ = {isa = PBXFileReference; explicitFileType = "compiled.mach-o.executable"; includeInIndex = 0; path = Merklerex; sourceTree = BUILT_PRODUCTS_DIR; };
		2356F8512628DE2A003A0998 /* main.cpp */ = {isa = PBXFileReference; lastKnownFileType = sourcecode.cpp.cpp; path = main.cpp; sourceTree = "<group>"; };
		235E609F2638AB3200115C3F /* test.cpp */ = {isa = PBXFileReference; lastKnownFileType = sourcecode.cpp.cpp; path = test.cpp; sourceTree = "<group>"; };
		235E60B6263D66B100115C3F /* CSVReader.cpp */ = {isa = PBXFileReference; lastKnownFileType = sourcecode.cpp.cpp; path = CSVReader.cpp; sourceTree = "<group>"; };
		235E60B7263D66B100115C3F /* CSVReader.hpp */ = {isa = PBXFileReference; lastKnownFileType = sourcecode.cpp.h; path = CSVReader.hpp; sourceTree = "<group>"; };
		235E60C7263D8BED00115C3F /* 20200317.csv */ = {isa = PBXFileReference; fileEncoding = 4; lastKnownFileType = text; path = 20200317.csv; sourceTree = "<group>"; };
		237CAC2B2631AB83009F1394 /* MerkelMain.cpp */ = {isa = PBXFileReference; lastKnownFileType = sourcecode.cpp.cpp; path = MerkelMain.cpp; sourceTree = "<group>"; };
		237CAC2C2631AB83009F1394 /* MerkelMain.hpp */ = {isa = PBXFileReference; lastKnownFileType = sourcecode.cpp.h; path = MerkelMain.hpp; sourceTree = "<group>"; };
		23A28D422630D51A008FD4CC /* OrderBookEntry.cpp */ = {isa = PBXFileReference; lastKnownFileType = sourcecode.cpp.cpp; path = OrderBookEntry.cpp; sourceTree = "<group>"; };
		23A28D432630D51A008FD4CC /* OrderBookEntry.hpp */ = {isa = PBXFileReference; lastKnownFileType = sourcecode.cpp.h; path = OrderBookEntry.hpp; sourceTree = "<group>"; };
/* End PBXFileReference section */

/* Begin PBXFrameworksBuildPhase section */
		2356F84B2628DE2A003A0998 /* Frameworks */ = {
			isa = PBXFrameworksBuildPhase;
			buildActionMask = 2147483647;
			files = (
			);
			runOnlyForDeploymentPostprocessing = 0;
		};
/* End PBXFrameworksBuildPhase section */

/* Begin PBXGroup section */
		2356F8452628DE2A003A0998 = {
			isa = PBXGroup;
			children = (
				2356F8502628DE2A003A0998 /* Merklerex */,
				2356F84F2628DE2A003A0998 /* Products */,
			);
			sourceTree = "<group>";
		};
		2356F84F2628DE2A003A0998 /* Products */ = {
			isa = PBXGroup;
			children = (
				2356F84E2628DE2A003A0998 /* Merklerex */,
			);
			name = Products;
			sourceTree = "<group>";
		};
		2356F8502628DE2A003A0998 /* Merklerex */ = {
			isa = PBXGroup;
			children = (
				235E60C7263D8BED00115C3F /* 20200317.csv */,
				2356F8512628DE2A003A0998 /* main.cpp */,
				23A28D422630D51A008FD4CC /* OrderBookEntry.cpp */,
				23A28D432630D51A008FD4CC /* OrderBookEntry.hpp */,
				237CAC2B2631AB83009F1394 /* MerkelMain.cpp */,
				237CAC2C2631AB83009F1394 /* MerkelMain.hpp */,
				235E609F2638AB3200115C3F /* test.cpp */,
				235E60B6263D66B100115C3F /* CSVReader.cpp */,
				235E60B7263D66B100115C3F /* CSVReader.hpp */,
			);
			path = Merklerex;
			sourceTree = "<group>";
		};
/* End PBXGroup section */

/* Begin PBXNativeTarget section */
		2356F84D2628DE2A003A0998 /* Merklerex */ = {
			isa = PBXNativeTarget;
			buildConfigurationList = 2356F8552628DE2A003A0998 /* Build configuration list for PBXNativeTarget "Merklerex" */;
			buildPhases = (
				2356F84A2628DE2A003A0998 /* Sources */,
				2356F84B2628DE2A003A0998 /* Frameworks */,
				2356F84C2628DE2A003A0998 /* CopyFiles */,
			);
			buildRules = (
			);
			dependencies = (
			);
			name = Merklerex;
			productName = Merklerex;
			productReference = 2356F84E2628DE2A003A0998 /* Merklerex */;
			productType = "com.apple.product-type.tool";
		};
/* End PBXNativeTarget section */

/* Begin PBXProject section */
		2356F8462628DE2A003A0998 /* Project object */ = {
			isa = PBXProject;
			attributes = {
				LastUpgradeCheck = 1240;
				TargetAttributes = {
					2356F84D2628DE2A003A0998 = {
						CreatedOnToolsVersion = 12.4;
					};
				};
			};
			buildConfigurationList = 2356F8492628DE2A003A0998 /* Build configuration list for PBXProject "Merklerex" */;
			compatibilityVersion = "Xcode 9.3";
			developmentRegion = en;
			hasScannedForEncodings = 0;
			knownRegions = (
				en,
				Base,
			);
			mainGroup = 2356F8452628DE2A003A0998;
			productRefGroup = 2356F84F2628DE2A003A0998 /* Products */;
			projectDirPath = "";
			projectRoot = "";
			targets = (
				2356F84D2628DE2A003A0998 /* Merklerex */,
			);
		};
/* End PBXProject section */

/* Begin PBXSourcesBuildPhase section */
		2356F84A2628DE2A003A0998 /* Sources */ = {
			isa = PBXSourcesBuildPhase;
			buildActionMask = 2147483647;
			files = (
				235E60B8263D66B100115C3F /* CSVReader.cpp in Sources */,
				237CAC2D2631AB83009F1394 /* MerkelMain.cpp in Sources */,
				235E60A02638AB3200115C3F /* test.cpp in Sources */,
				23A28D442630D51A008FD4CC /* OrderBookEntry.cpp in Sources */,
				2356F8522628DE2A003A0998 /* main.cpp in Sources */,
			);
			runOnlyForDeploymentPostprocessing = 0;
		};
/* End PBXSourcesBuildPhase section */

/* Begin XCBuildConfiguration section */
		2356F8532628DE2A003A0998 /* Debug */ = {
			isa = XCBuildConfiguration;
			buildSettings = {
				ALWAYS_SEARCH_USER_PATHS = NO;
				CLANG_ANALYZER_NONNULL = YES;
				CLANG_ANALYZER_NUMBER_OBJECT_CONVERSION = YES_AGGRESSIVE;
				CLANG_CXX_LANGUAGE_STANDARD = "gnu++14";
				CLANG_CXX_LIBRARY = "libc++";
				CLANG_ENABLE_MODULES = YES;
				CLANG_ENABLE_OBJC_ARC = YES;
				CLANG_ENABLE_OBJC_WEAK = YES;
				CLANG_WARN_BLOCK_CAPTURE_AUTORELEASING = YES;
				CLANG_WARN_BOOL_CONVERSION = YES;
				CLANG_WARN_COMMA = YES;
				CLANG_WARN_CONSTANT_CONVERSION = YES;
				CLANG_WARN_DEPRECATED_OBJC_IMPLEMENTATIONS = YES;
				CLANG_WARN_DIRECT_OBJC_ISA_USAGE = YES_ERROR;
				CLANG_WARN_DOCUMENTATION_COMMENTS = YES;
				CLANG_WARN_EMPTY_BODY = YES;
				CLANG_WARN_ENUM_CONVERSION = YES;
				CLANG_WARN_INFINITE_RECURSION = YES;
				CLANG_WARN_INT_CONVERSION = YES;
				CLANG_WARN_NON_LITERAL_NULL_CONVERSION = YES;
				CLANG_WARN_OBJC_IMPLICIT_RETAIN_SELF = YES;
				CLANG_WARN_OBJC_LITERAL_CONVERSION = YES;
				CLANG_WARN_OBJC_ROOT_CLASS = YES_ERROR;
				CLANG_WARN_QUOTED_INCLUDE_IN_FRAMEWORK_HEADER = YES;
				CLANG_WARN_RANGE_LOOP_ANALYSIS = YES;
				CLANG_WARN_STRICT_PROTOTYPES = YES;
				CLANG_WARN_SUSPICIOUS_MOVE = YES;
				CLANG_WARN_UNGUARDED_AVAILABILITY = YES_AGGRESSIVE;
				CLANG_WARN_UNREACHABLE_CODE = YES;
				CLANG_WARN__DUPLICATE_METHOD_MATCH = YES;
				COPY_PHASE_STRIP = NO;
				DEBUG_INFORMATION_FORMAT = dwarf;
				ENABLE_STRICT_OBJC_MSGSEND = YES;
				ENABLE_TESTABILITY = YES;
				GCC_C_LANGUAGE_STANDARD = gnu11;
				GCC_DYNAMIC_NO_PIC = NO;
				GCC_NO_COMMON_BLOCKS = YES;
				GCC_OPTIMIZATION_LEVEL = 0;
				GCC_PREPROCESSOR_DEFINITIONS = (
					"DEBUG=1",
					"$(inherited)",
				);
				GCC_WARN_64_TO_32_BIT_CONVERSION = YES;
				GCC_WARN_ABOUT_RETURN_TYPE = YES_ERROR;
				GCC_WARN_UNDECLARED_SELECTOR = YES;
				GCC_WARN_UNINITIALIZED_AUTOS = YES_AGGRESSIVE;
				GCC_WARN_UNUSED_FUNCTION = YES;
				GCC_WARN_UNUSED_VARIABLE = YES;
				MACOSX_DEPLOYMENT_TARGET = 11.1;
				MTL_ENABLE_DEBUG_INFO = INCLUDE_SOURCE;
				MTL_FAST_MATH = YES;
				ONLY_ACTIVE_ARCH = YES;
				SDKROOT = macosx;
			};
			name = Debug;
		};
		2356F8542628DE2A003A0998 /* Release */ = {
			isa = XCBuildConfiguration;
			buildSettings = {
				ALWAYS_SEARCH_USER_PATHS = NO;
				CLANG_ANALYZER_NONNULL = YES;
				CLANG_ANALYZER_NUMBER_OBJECT_CONVERSION = YES_AGGRESSIVE;
				CLANG_CXX_LANGUAGE_STANDARD = "gnu++14";
				CLANG_CXX_LIBRARY = "libc++";
				CLANG_ENABLE_MODULES = YES;
				CLANG_ENABLE_OBJC_ARC = YES;
				CLANG_ENABLE_OBJC_WEAK = YES;
				CLANG_WARN_BLOCK_CAPTURE_AUTORELEASING = YES;
				CLANG_WARN_BOOL_CONVERSION = YES;
				CLANG_WARN_COMMA = YES;
				CLANG_WARN_CONSTANT_CONVERSION = YES;
				CLANG_WARN_DEPRECATED_OBJC_IMPLEMENTATIONS = YES;
				CLANG_WARN_DIRECT_OBJC_ISA_USAGE = YES_ERROR;
				CLANG_WARN_DOCUMENTATION_COMMENTS = YES;
				CLANG_WARN_EMPTY_BODY = YES;
				CLANG_WARN_ENUM_CONVERSION = YES;
				CLANG_WARN_INFINITE_RECURSION = YES;
				CLANG_WARN_INT_CONVERSION = YES;
				CLANG_WARN_NON_LITERAL_NULL_CONVERSION = YES;
				CLANG_WARN_OBJC_IMPLICIT_RETAIN_SELF = YES;
				CLANG_WARN_OBJC_LITERAL_CONVERSION = YES;
				CLANG_WARN_OBJC_ROOT_CLASS = YES_ERROR;
				CLANG_WARN_QUOTED_INCLUDE_IN_FRAMEWORK_HEADER = YES;
				CLANG_WARN_RANGE_LOOP_ANALYSIS = YES;
				CLANG_WARN_STRICT_PROTOTYPES = YES;
				CLANG_WARN_SUSPICIOUS_MOVE = YES;
				CLANG_WARN_UNGUARDED_AVAILABILITY = YES_AGGRESSIVE;
				CLANG_WARN_UNREACHABLE_CODE = YES;
				CLANG_WARN__DUPLICATE_METHOD_MATCH = YES;
				COPY_PHASE_STRIP = NO;
				DEBUG_INFORMATION_FORMAT = "dwarf-with-dsym";
				ENABLE_NS_ASSERTIONS = NO;
				ENABLE_STRICT_OBJC_MSGSEND = YES;
				GCC_C_LANGUAGE_STANDARD = gnu11;
				GCC_NO_COMMON_BLOCKS = YES;
				GCC_WARN_64_TO_32_BIT_CONVERSION = YES;
				GCC_WARN_ABOUT_RETURN_TYPE = YES_ERROR;
				GCC_WARN_UNDECLARED_SELECTOR = YES;
				GCC_WARN_UNINITIALIZED_AUTOS = YES_AGGRESSIVE;
				GCC_WARN_UNUSED_FUNCTION = YES;
				GCC_WARN_UNUSED_VARIABLE = YES;
				MACOSX_DEPLOYMENT_TARGET = 11.1;
				MTL_ENABLE_DEBUG_INFO = NO;
				MTL_FAST_MATH = YES;
				SDKROOT = macosx;
			};
			name = Release;
		};
		2356F8562628DE2A003A0998 /* Debug */ = {
			isa = XCBuildConfiguration;
			buildSettings = {
				CODE_SIGN_STYLE = Automatic;
				PRODUCT_NAME = "$(TARGET_NAME)";
			};
			name = Debug;
		};
		2356F8572628DE2A003A0998 /* Release */ = {
			isa = XCBuildConfiguration;
			buildSettings = {
				CODE_SIGN_STYLE = Automatic;
				PRODUCT_NAME = "$(TARGET_NAME)";
			};
			name = Release;
		};
/* End XCBuildConfiguration section */

/* Begin XCConfigurationList section */
		2356F8492628DE2A003A0998 /* Build configuration list for PBXProject "Merklerex" */ = {
			isa = XCConfigurationList;
			buildConfigurations = (
				2356F8532628DE2A003A0998 /* Debug */,
				2356F8542628DE2A003A0998 /* Release */,
			);
			defaultConfigurationIsVisible = 0;
			defaultConfigurationName = Release;
		};
		2356F8552628DE2A003A0998 /* Build configuration list for PBXNativeTarget "Merklerex" */ = {
			isa = XCConfigurationList;
			buildConfigurations = (
				2356F8562628DE2A003A0998 /* Debug */,
				2356F8572628DE2A003A0998 /* Release */,
			);
			defaultConfigurationIsVisible = 0;
			defaultConfigurationName = Release;
		};
/* End XCConfigurationList section */
	};
	rootObject = 2356F8462628DE2A003A0998 /* Project object */;
}
